
Microsoft Visual Studio Solution File, Format Version 12.00
# Visual Studio 15
VisualStudioVersion = 15.0.27703.2047
MinimumVisualStudioVersion = 10.0.40219.1
Project("{FAE04EC0-301F-11D3-BF4B-00C04F79EFBC}") = "CoreuiApi", "coreui-api\CoreuiApi.csproj", "{9219AFD7-820E-455A-B603-5DBD6ED886C5}"
EndProject
Project("{FAE04EC0-301F-11D3-BF4B-00C04F79EFBC}") = "CoreuiApi.Lib", "coreui-api.Lib\CoreuiApi.Lib.csproj", "{9D8E5E96-C9FA-4926-AFD0-5A0E521A2B84}"
EndProject
Project("{FAE04EC0-301F-11D3-BF4B-00C04F79EFBC}") = "CoreuiApi.Dal", "coreui-api.Dal\CoreuiApi.Dal.csproj", "{64BDD1FA-C830-4BDB-A931-C1FBD424E22F}"
EndProject
Project("{FAE04EC0-301F-11D3-BF4B-00C04F79EFBC}") = "CoreuiApi.Dto", "coreui-api.Dto\CoreuiApi.Dto.csproj", "{5D610414-E4DB-47EC-B18B-2916EF9846A2}"
EndProject
Project("{FAE04EC0-301F-11D3-BF4B-00C04F79EFBC}") = "CoreuiApi.Util", "CoreuiApi.Util\CoreuiApi.Util.csproj", "{4ACFB391-9000-4073-B555-7C55EFD30ECF}"
EndProject
Global
	GlobalSection(SolutionConfigurationPlatforms) = preSolution
		Debug|Any CPU = Debug|Any CPU
		Release|Any CPU = Release|Any CPU
	EndGlobalSection
	GlobalSection(ProjectConfigurationPlatforms) = postSolution
		{9219AFD7-820E-455A-B603-5DBD6ED886C5}.Debug|Any CPU.ActiveCfg = Debug|Any CPU
		{9219AFD7-820E-455A-B603-5DBD6ED886C5}.Debug|Any CPU.Build.0 = Debug|Any CPU
		{9219AFD7-820E-455A-B603-5DBD6ED886C5}.Release|Any CPU.ActiveCfg = Release|Any CPU
		{9219AFD7-820E-455A-B603-5DBD6ED886C5}.Release|Any CPU.Build.0 = Release|Any CPU
		{9D8E5E96-C9FA-4926-AFD0-5A0E521A2B84}.Debug|Any CPU.ActiveCfg = Debug|Any CPU
		{9D8E5E96-C9FA-4926-AFD0-5A0E521A2B84}.Debug|Any CPU.Build.0 = Debug|Any CPU
		{9D8E5E96-C9FA-4926-AFD0-5A0E521A2B84}.Release|Any CPU.ActiveCfg = Release|Any CPU
		{9D8E5E96-C9FA-4926-AFD0-5A0E521A2B84}.Release|Any CPU.Build.0 = Release|Any CPU
		{64BDD1FA-C830-4BDB-A931-C1FBD424E22F}.Debug|Any CPU.ActiveCfg = Debug|Any CPU
		{64BDD1FA-C830-4BDB-A931-C1FBD424E22F}.Debug|Any CPU.Build.0 = Debug|Any CPU
		{64BDD1FA-C830-4BDB-A931-C1FBD424E22F}.Release|Any CPU.ActiveCfg = Release|Any CPU
		{64BDD1FA-C830-4BDB-A931-C1FBD424E22F}.Release|Any CPU.Build.0 = Release|Any CPU
		{5D610414-E4DB-47EC-B18B-2916EF9846A2}.Debug|Any CPU.ActiveCfg = Debug|Any CPU
		{5D610414-E4DB-47EC-B18B-2916EF9846A2}.Debug|Any CPU.Build.0 = Debug|Any CPU
		{5D610414-E4DB-47EC-B18B-2916EF9846A2}.Release|Any CPU.ActiveCfg = Release|Any CPU
		{5D610414-E4DB-47EC-B18B-2916EF9846A2}.Release|Any CPU.Build.0 = Release|Any CPU
		{4ACFB391-9000-4073-B555-7C55EFD30ECF}.Debug|Any CPU.ActiveCfg = Debug|Any CPU
		{4ACFB391-9000-4073-B555-7C55EFD30ECF}.Debug|Any CPU.Build.0 = Debug|Any CPU
		{4ACFB391-9000-4073-B555-7C55EFD30ECF}.Release|Any CPU.ActiveCfg = Release|Any CPU
		{4ACFB391-9000-4073-B555-7C55EFD30ECF}.Release|Any CPU.Build.0 = Release|Any CPU
	EndGlobalSection
	GlobalSection(SolutionProperties) = preSolution
		HideSolutionNode = FALSE
	EndGlobalSection
	GlobalSection(ExtensibilityGlobals) = postSolution
		SolutionGuid = {9755D899-FA02-4A24-8EFC-C880D7791356}
	EndGlobalSection
EndGlobal
